// !$*UTF8*$!
{
	archiveVersion = 1;
	classes = {
	};
	objectVersion = 46;
	objects = {

/* Begin PBXBuildFile section */
		DB4631C01E2CB12100D37159 /* SinglyLinkedList.swift in Sources */ = {isa = PBXBuildFile; fileRef = DB4631BF1E2CB12100D37159 /* SinglyLinkedList.swift */; };
		DB6C6F6C1E2C67540003E9B6 /* AppDelegate.swift in Sources */ = {isa = PBXBuildFile; fileRef = DB6C6F6B1E2C67540003E9B6 /* AppDelegate.swift */; };
		DB6C6F6E1E2C67540003E9B6 /* ViewController.swift in Sources */ = {isa = PBXBuildFile; fileRef = DB6C6F6D1E2C67540003E9B6 /* ViewController.swift */; };
		DB6C6F711E2C67540003E9B6 /* Main.storyboard in Resources */ = {isa = PBXBuildFile; fileRef = DB6C6F6F1E2C67540003E9B6 /* Main.storyboard */; };
		DB6C6F731E2C67540003E9B6 /* Assets.xcassets in Resources */ = {isa = PBXBuildFile; fileRef = DB6C6F721E2C67540003E9B6 /* Assets.xcassets */; };
		DB6C6F761E2C67540003E9B6 /* LaunchScreen.storyboard in Resources */ = {isa = PBXBuildFile; fileRef = DB6C6F741E2C67540003E9B6 /* LaunchScreen.storyboard */; };
		DB6C6F8A1E2CA16F0003E9B6 /* SequenceList.swift in Sources */ = {isa = PBXBuildFile; fileRef = DB6C6F891E2CA16F0003E9B6 /* SequenceList.swift */; };
/* End PBXBuildFile section */

/* Begin PBXFileReference section */
		DB4631BF1E2CB12100D37159 /* SinglyLinkedList.swift */ = {isa = PBXFileReference; fileEncoding = 4; lastKnownFileType = sourcecode.swift; path = SinglyLinkedList.swift; sourceTree = "<group>"; };
		DB6C6F681E2C67540003E9B6 /* Algorithm.app */ = {isa = PBXFileReference; explicitFileType = wrapper.application; includeInIndex = 0; path = Algorithm.app; sourceTree = BUILT_PRODUCTS_DIR; };
		DB6C6F6B1E2C67540003E9B6 /* AppDelegate.swift */ = {isa = PBXFileReference; lastKnownFileType = sourcecode.swift; path = AppDelegate.swift; sourceTree = "<group>"; };
		DB6C6F6D1E2C67540003E9B6 /* ViewController.swift */ = {isa = PBXFileReference; lastKnownFileType = sourcecode.swift; path = ViewController.swift; sourceTree = "<group>"; };
		DB6C6F701E2C67540003E9B6 /* Base */ = {isa = PBXFileReference; lastKnownFileType = file.storyboard; name = Base; path = Base.lproj/Main.storyboard; sourceTree = "<group>"; };
		DB6C6F721E2C67540003E9B6 /* Assets.xcassets */ = {isa = PBXFileReference; lastKnownFileType = folder.assetcatalog; path = Assets.xcassets; sourceTree = "<group>"; };
		DB6C6F751E2C67540003E9B6 /* Base */ = {isa = PBXFileReference; lastKnownFileType = file.storyboard; name = Base; path = Base.lproj/LaunchScreen.storyboard; sourceTree = "<group>"; };
		DB6C6F771E2C67540003E9B6 /* Info.plist */ = {isa = PBXFileReference; lastKnownFileType = text.plist.xml; path = Info.plist; sourceTree = "<group>"; };
		DB6C6F891E2CA16F0003E9B6 /* SequenceList.swift */ = {isa = PBXFileReference; fileEncoding = 4; lastKnownFileType = sourcecode.swift; path = SequenceList.swift; sourceTree = "<group>"; };
/* End PBXFileReference section */

/* Begin PBXFrameworksBuildPhase section */
		DB6C6F651E2C67540003E9B6 /* Frameworks */ = {
			isa = PBXFrameworksBuildPhase;
			buildActionMask = 2147483647;
			files = (
			);
			runOnlyForDeploymentPostprocessing = 0;
		};
/* End PBXFrameworksBuildPhase section */

/* Begin PBXGroup section */
		DB6C6F5F1E2C67540003E9B6 = {
			isa = PBXGroup;
			children = (
				DB6C6F6A1E2C67540003E9B6 /* Algorithm */,
				DB6C6F691E2C67540003E9B6 /* Products */,
			);
			sourceTree = "<group>";
		};
		DB6C6F691E2C67540003E9B6 /* Products */ = {
			isa = PBXGroup;
			children = (
				DB6C6F681E2C67540003E9B6 /* Algorithm.app */,
			);
			name = Products;
			sourceTree = "<group>";
		};
		DB6C6F6A1E2C67540003E9B6 /* Algorithm */ = {
			isa = PBXGroup;
			children = (
				DB6C6F7D1E2C7C8C0003E9B6 /* LinearList */,
				DB6C6F6B1E2C67540003E9B6 /* AppDelegate.swift */,
				DB6C6F721E2C67540003E9B6 /* Assets.xcassets */,
				DB6C6F771E2C67540003E9B6 /* Info.plist */,
				DB6C6F741E2C67540003E9B6 /* LaunchScreen.storyboard */,
				DB6C6F6F1E2C67540003E9B6 /* Main.storyboard */,
				DB6C6F6D1E2C67540003E9B6 /* ViewController.swift */,
			);
			path = Algorithm;
			sourceTree = "<group>";
		};
		DB6C6F7D1E2C7C8C0003E9B6 /* LinearList */ = {
			isa = PBXGroup;
			children = (
				DB6C6F891E2CA16F0003E9B6 /* SequenceList.swift */,
				DB4631BF1E2CB12100D37159 /* SinglyLinkedList.swift */,
			);
			path = LinearList;
			sourceTree = "<group>";
		};
/* End PBXGroup section */

/* Begin PBXNativeTarget section */
		DB6C6F671E2C67540003E9B6 /* Algorithm */ = {
			isa = PBXNativeTarget;
			buildConfigurationList = DB6C6F7A1E2C67540003E9B6 /* Build configuration list for PBXNativeTarget "Algorithm" */;
			buildPhases = (
				DB6C6F641E2C67540003E9B6 /* Sources */,
				DB6C6F651E2C67540003E9B6 /* Frameworks */,
				DB6C6F661E2C67540003E9B6 /* Resources */,
			);
			buildRules = (
			);
			dependencies = (
			);
			name = Algorithm;
			productName = Algorithm;
			productReference = DB6C6F681E2C67540003E9B6 /* Algorithm.app */;
			productType = "com.apple.product-type.application";
		};
/* End PBXNativeTarget section */

/* Begin PBXProject section */
		DB6C6F601E2C67540003E9B6 /* Project object */ = {
			isa = PBXProject;
			attributes = {
				LastSwiftUpdateCheck = 0820;
				LastUpgradeCheck = 0820;
				ORGANIZATIONNAME = cocoaroger;
				TargetAttributes = {
					DB6C6F671E2C67540003E9B6 = {
						CreatedOnToolsVersion = 8.2.1;
						DevelopmentTeam = T8G9PLFU8G;
						ProvisioningStyle = Manual;
					};
				};
			};
			buildConfigurationList = DB6C6F631E2C67540003E9B6 /* Build configuration list for PBXProject "Algorithm" */;
			compatibilityVersion = "Xcode 3.2";
			developmentRegion = English;
			hasScannedForEncodings = 0;
			knownRegions = (
				en,
				Base,
			);
			mainGroup = DB6C6F5F1E2C67540003E9B6;
			productRefGroup = DB6C6F691E2C67540003E9B6 /* Products */;
			projectDirPath = "";
			projectRoot = "";
			targets = (
				DB6C6F671E2C67540003E9B6 /* Algorithm */,
			);
		};
/* End PBXProject section */

/* Begin PBXResourcesBuildPhase section */
		DB6C6F661E2C67540003E9B6 /* Resources */ = {
			isa = PBXResourcesBuildPhase;
			buildActionMask = 2147483647;
			files = (
				DB6C6F761E2C67540003E9B6 /* LaunchScreen.storyboard in Resources */,
				DB6C6F731E2C67540003E9B6 /* Assets.xcassets in Resources */,
				DB6C6F711E2C67540003E9B6 /* Main.storyboard in Resources */,
			);
			runOnlyForDeploymentPostprocessing = 0;
		};
/* End PBXResourcesBuildPhase section */

/* Begin PBXSourcesBuildPhase section */
		DB6C6F641E2C67540003E9B6 /* Sources */ = {
			isa = PBXSourcesBuildPhase;
			buildActionMask = 2147483647;
			files = (
				DB6C6F6E1E2C67540003E9B6 /* ViewController.swift in Sources */,
				DB6C6F6C1E2C67540003E9B6 /* AppDelegate.swift in Sources */,
				DB4631C01E2CB12100D37159 /* SinglyLinkedList.swift in Sources */,
				DB6C6F8A1E2CA16F0003E9B6 /* SequenceList.swift in Sources */,
			);
			runOnlyForDeploymentPostprocessing = 0;
		};
/* End PBXSourcesBuildPhase section */

/* Begin PBXVariantGroup section */
		DB6C6F6F1E2C67540003E9B6 /* Main.storyboard */ = {
			isa = PBXVariantGroup;
			children = (
				DB6C6F701E2C67540003E9B6 /* Base */,
			);
			name = Main.storyboard;
			path = .;
			sourceTree = "<group>";
		};
		DB6C6F741E2C67540003E9B6 /* LaunchScreen.storyboard */ = {
			isa = PBXVariantGroup;
			children = (
				DB6C6F751E2C67540003E9B6 /* Base */,
			);
			name = LaunchScreen.storyboard;
			path = .;
			sourceTree = "<group>";
		};
/* End PBXVariantGroup section */

/* Begin XCBuildConfiguration section */
		DB6C6F781E2C67540003E9B6 /* Debug */ = {
			isa = XCBuildConfiguration;
			buildSettings = {
				ALWAYS_SEARCH_USER_PATHS = NO;
				CLANG_ANALYZER_NONNULL = YES;
				CLANG_CXX_LANGUAGE_STANDARD = "gnu++0x";
				CLANG_CXX_LIBRARY = "libc++";
				CLANG_ENABLE_MODULES = YES;
				CLANG_ENABLE_OBJC_ARC = YES;
				CLANG_WARN_BOOL_CONVERSION = YES;
				CLANG_WARN_CONSTANT_CONVERSION = YES;
				CLANG_WARN_DIRECT_OBJC_ISA_USAGE = YES_ERROR;
				CLANG_WARN_DOCUMENTATION_COMMENTS = YES;
				CLANG_WARN_EMPTY_BODY = YES;
				CLANG_WARN_ENUM_CONVERSION = YES;
				CLANG_WARN_INFINITE_RECURSION = YES;
				CLANG_WARN_INT_CONVERSION = YES;
				CLANG_WARN_OBJC_ROOT_CLASS = YES_ERROR;
				CLANG_WARN_SUSPICIOUS_MOVE = YES;
				CLANG_WARN_UNREACHABLE_CODE = YES;
				CLANG_WARN__DUPLICATE_METHOD_MATCH = YES;
				"CODE_SIGN_IDENTITY[sdk=iphoneos*]" = "iPhone Developer";
				COPY_PHASE_STRIP = NO;
				DEBUG_INFORMATION_FORMAT = dwarf;
				ENABLE_STRICT_OBJC_MSGSEND = YES;
				ENABLE_TESTABILITY = YES;
				GCC_C_LANGUAGE_STANDARD = gnu99;
				GCC_DYNAMIC_NO_PIC = NO;
				GCC_NO_COMMON_BLOCKS = YES;
				GCC_OPTIMIZATION_LEVEL = 0;
				GCC_PREPROCESSOR_DEFINITIONS = (
					"DEBUG=1",
					"$(inherited)",
				);
				GCC_WARN_64_TO_32_BIT_CONVERSION = YES;
				GCC_WARN_ABOUT_RETURN_TYPE = YES_ERROR;
				GCC_WARN_UNDECLARED_SELECTOR = YES;
				GCC_WARN_UNINITIALIZED_AUTOS = YES_AGGRESSIVE;
				GCC_WARN_UNUSED_FUNCTION = YES;
				GCC_WARN_UNUSED_VARIABLE = YES;
				IPHONEOS_DEPLOYMENT_TARGET = 10.2;
				MTL_ENABLE_DEBUG_INFO = YES;
				ONLY_ACTIVE_ARCH = YES;
				SDKROOT = iphoneos;
				SWIFT_ACTIVE_COMPILATION_CONDITIONS = DEBUG;
				SWIFT_OPTIMIZATION_LEVEL = "-Onone";
				TARGETED_DEVICE_FAMILY = "1,2";
			};
			name = Debug;
		};
		DB6C6F791E2C67540003E9B6 /* Release */ = {
			isa = XCBuildConfiguration;
			buildSettings = {
				ALWAYS_SEARCH_USER_PATHS = NO;
				CLANG_ANALYZER_NONNULL = YES;
				CLANG_CXX_LANGUAGE_STANDARD = "gnu++0x";
				CLANG_CXX_LIBRARY = "libc++";
				CLANG_ENABLE_MODULES = YES;
				CLANG_ENABLE_OBJC_ARC = YES;
				CLANG_WARN_BOOL_CONVERSION = YES;
				CLANG_WARN_CONSTANT_CONVERSION = YES;
				CLANG_WARN_DIRECT_OBJC_ISA_USAGE = YES_ERROR;
				CLANG_WARN_DOCUMENTATION_COMMENTS = YES;
				CLANG_WARN_EMPTY_BODY = YES;
				CLANG_WARN_ENUM_CONVERSION = YES;
				CLANG_WARN_INFINITE_RECURSION = YES;
				CLANG_WARN_INT_CONVERSION = YES;
				CLANG_WARN_OBJC_ROOT_CLASS = YES_ERROR;
				CLANG_WARN_SUSPICIOUS_MOVE = YES;
				CLANG_WARN_UNREACHABLE_CODE = YES;
				CLANG_WARN__DUPLICATE_METHOD_MATCH = YES;
				"CODE_SIGN_IDENTITY[sdk=iphoneos*]" = "iPhone Developer";
				COPY_PHASE_STRIP = NO;
				DEBUG_INFORMATION_FORMAT = "dwarf-with-dsym";
				ENABLE_NS_ASSERTIONS = NO;
				ENABLE_STRICT_OBJC_MSGSEND = YES;
				GCC_C_LANGUAGE_STANDARD = gnu99;
				GCC_NO_COMMON_BLOCKS = YES;
				GCC_WARN_64_TO_32_BIT_CONVERSION = YES;
				GCC_WARN_ABOUT_RETURN_TYPE = YES_ERROR;
				GCC_WARN_UNDECLARED_SELECTOR = YES;
				GCC_WARN_UNINITIALIZED_AUTOS = YES_AGGRESSIVE;
				GCC_WARN_UNUSED_FUNCTION = YES;
				GCC_WARN_UNUSED_VARIABLE = YES;
				IPHONEOS_DEPLOYMENT_TARGET = 10.2;
				MTL_ENABLE_DEBUG_INFO = NO;
				SDKROOT = iphoneos;
				SWIFT_OPTIMIZATION_LEVEL = "-Owholemodule";
				TARGETED_DEVICE_FAMILY = "1,2";
				VALIDATE_PRODUCT = YES;
			};
			name = Release;
		};
		DB6C6F7B1E2C67540003E9B6 /* Debug */ = {
			isa = XCBuildConfiguration;
			buildSettings = {
				ASSETCATALOG_COMPILER_APPICON_NAME = AppIcon;
				DEVELOPMENT_TEAM = T8G9PLFU8G;
				INFOPLIST_FILE = Algorithm/Info.plist;
				IPHONEOS_DEPLOYMENT_TARGET = 8.0;
				LD_RUNPATH_SEARCH_PATHS = "$(inherited) @executable_path/Frameworks";
				PRODUCT_BUNDLE_IDENTIFIER = com.cocoaroger.Algorithm;
				PRODUCT_NAME = "$(TARGET_NAME)";
				PROVISIONING_PROFILE = "3e3cd1ff-667a-4f99-b187-e5eccb68a63e";
				PROVISIONING_PROFILE_SPECIFIER = AllDevelop;
				SWIFT_VERSION = 3.0;
				TARGETED_DEVICE_FAMILY = "1,2";
			};
			name = Debug;
		};
		DB6C6F7C1E2C67540003E9B6 /* Release */ = {
			isa = XCBuildConfiguration;
			buildSettings = {
				ASSETCATALOG_COMPILER_APPICON_NAME = AppIcon;
				DEVELOPMENT_TEAM = "";
				INFOPLIST_FILE = Algorithm/Info.plist;
				IPHONEOS_DEPLOYMENT_TARGET = 8.0;
				LD_RUNPATH_SEARCH_PATHS = "$(inherited) @executable_path/Frameworks";
				PRODUCT_BUNDLE_IDENTIFIER = com.cocoaroger.Algorithm;
				PRODUCT_NAME = "$(TARGET_NAME)";
				SWIFT_VERSION = 3.0;
				TARGETED_DEVICE_FAMILY = "1,2";
			};
			name = Release;
		};
/* End XCBuildConfiguration section */

/* Begin XCConfigurationList section */
		DB6C6F631E2C67540003E9B6 /* Build configuration list for PBXProject "Algorithm" */ = {
			isa = XCConfigurationList;
			buildConfigurations = (
				DB6C6F781E2C67540003E9B6 /* Debug */,
				DB6C6F791E2C67540003E9B6 /* Release */,
			);
			defaultConfigurationIsVisible = 0;
			defaultConfigurationName = Release;
		};
		DB6C6F7A1E2C67540003E9B6 /* Build configuration list for PBXNativeTarget "Algorithm" */ = {
			isa = XCConfigurationList;
			buildConfigurations = (
				DB6C6F7B1E2C67540003E9B6 /* Debug */,
				DB6C6F7C1E2C67540003E9B6 /* Release */,
			);
			defaultConfigurationIsVisible = 0;
			defaultConfigurationName = Release;
		};
/* End XCConfigurationList section */
	};
	rootObject = DB6C6F601E2C67540003E9B6 /* Project object */;
}
